# This file is automatically @generated by Cargo.
# It is not intended for manual editing.
# Initial dependency-free lockfile supplied with this starter.
# Confirm it with cargo test --locked --offline on the project toolchain.
version = 4

[[package]]
name = "l16-cli"
version = "0.1.0"
dependencies = [
 "l16-core",
]

[[package]]
name = "l16-core"
version = "0.1.0"
